
Microsoft Visual Studio Solution File, Format Version 12.00
# Visual Studio Version 16
VisualStudioVersion = 16.0.31515.178
MinimumVisualStudioVersion = 10.0.40219.1
Project("{9A19103F-16F7-4668-BE54-9A1E7A4F7556}") = "BethanysPieShopHRM.App", "BethanysPieShopHRM.App\BethanysPieShopHRM.App.csproj", "{A7699901-A949-4D5E-B9A7-07E05EC043FF}"
EndProject
Project("{9A19103F-16F7-4668-BE54-9A1E7A4F7556}") = "BethanysPieShopHRM.Shared", "BethanysPieShopHRM.Shared\BethanysPieShopHRM.Shared.csproj", "{43B2696E-8F8B-4EBE-855D-FD007DA56CE3}"
EndProject
Project("{9A19103F-16F7-4668-BE54-9A1E7A4F7556}") = "BethanysPieShopHRM.Api", "BethanysPieShopHRM.Api\BethanysPieShopHRM.Api.csproj", "{A8DB8F26-811E-44E3-A922-F5B06D92683A}"
EndProject
Global
	GlobalSection(SolutionConfigurationPlatforms) = preSolution
		Debug|Any CPU = Debug|Any CPU
		Release|Any CPU = Release|Any CPU
	EndGlobalSection
	GlobalSection(ProjectConfigurationPlatforms) = postSolution
		{A7699901-A949-4D5E-B9A7-07E05EC043FF}.Debug|Any CPU.ActiveCfg = Debug|Any CPU
		{A7699901-A949-4D5E-B9A7-07E05EC043FF}.Debug|Any CPU.Build.0 = Debug|Any CPU
		{A7699901-A949-4D5E-B9A7-07E05EC043FF}.Release|Any CPU.ActiveCfg = Release|Any CPU
		{A7699901-A949-4D5E-B9A7-07E05EC043FF}.Release|Any CPU.Build.0 = Release|Any CPU
		{43B2696E-8F8B-4EBE-855D-FD007DA56CE3}.Debug|Any CPU.ActiveCfg = Debug|Any CPU
		{43B2696E-8F8B-4EBE-855D-FD007DA56CE3}.Debug|Any CPU.Build.0 = Debug|Any CPU
		{43B2696E-8F8B-4EBE-855D-FD007DA56CE3}.Release|Any CPU.ActiveCfg = Release|Any CPU
		{43B2696E-8F8B-4EBE-855D-FD007DA56CE3}.Release|Any CPU.Build.0 = Release|Any CPU
		{A8DB8F26-811E-44E3-A922-F5B06D92683A}.Debug|Any CPU.ActiveCfg = Debug|Any CPU
		{A8DB8F26-811E-44E3-A922-F5B06D92683A}.Debug|Any CPU.Build.0 = Debug|Any CPU
		{A8DB8F26-811E-44E3-A922-F5B06D92683A}.Release|Any CPU.ActiveCfg = Release|Any CPU
		{A8DB8F26-811E-44E3-A922-F5B06D92683A}.Release|Any CPU.Build.0 = Release|Any CPU
	EndGlobalSection
	GlobalSection(SolutionProperties) = preSolution
		HideSolutionNode = FALSE
	EndGlobalSection
	GlobalSection(ExtensibilityGlobals) = postSolution
		SolutionGuid = {D863919C-741F-41AB-BF13-A701DF30F211}
	EndGlobalSection
EndGlobal
